
Microsoft Visual Studio Solution File, Format Version 12.00
# Visual Studio Version 17
VisualStudioVersion = 17.5.33414.496
MinimumVisualStudioVersion = 10.0.40219.1
Project("{FAE04EC0-301F-11D3-BF4B-00C04F79EFBC}") = "ApiGateway", "xihu_backend\ApiGateway.csproj", "{0A1FA49C-CC7C-4DE0-B6A2-48AFC054BC04}"
EndProject
Project("{9A19103F-16F7-4668-BE54-9A1E7A4F7556}") = "ChatService", "ChatService\ChatService.csproj", "{24CD66F6-766A-447B-9C13-8F29CD3A0D5F}"
EndProject
Project("{9A19103F-16F7-4668-BE54-9A1E7A4F7556}") = "VideoService", "VideoService\VideoService.csproj", "{2E3D1887-D2CE-48EE-9BBD-E0E38AA18EF2}"
EndProject
Project("{9A19103F-16F7-4668-BE54-9A1E7A4F7556}") = "Shared", "Shared\Shared.csproj", "{3E3EB50D-E624-440F-88DA-F56B19DEA389}"
EndProject
Project("{9A19103F-16F7-4668-BE54-9A1E7A4F7556}") = "UserService", "UserService\UserService.csproj", "{EE36EDFE-5BFA-42D7-898D-B67ED9354F1D}"
EndProject
Global
	GlobalSection(SolutionConfigurationPlatforms) = preSolution
		Debug|Any CPU = Debug|Any CPU
		Release|Any CPU = Release|Any CPU
	EndGlobalSection
	GlobalSection(ProjectConfigurationPlatforms) = postSolution
		{0A1FA49C-CC7C-4DE0-B6A2-48AFC054BC04}.Debug|Any CPU.ActiveCfg = Debug|Any CPU
		{0A1FA49C-CC7C-4DE0-B6A2-48AFC054BC04}.Debug|Any CPU.Build.0 = Debug|Any CPU
		{0A1FA49C-CC7C-4DE0-B6A2-48AFC054BC04}.Release|Any CPU.ActiveCfg = Release|Any CPU
		{0A1FA49C-CC7C-4DE0-B6A2-48AFC054BC04}.Release|Any CPU.Build.0 = Release|Any CPU
		{24CD66F6-766A-447B-9C13-8F29CD3A0D5F}.Debug|Any CPU.ActiveCfg = Debug|Any CPU
		{24CD66F6-766A-447B-9C13-8F29CD3A0D5F}.Debug|Any CPU.Build.0 = Debug|Any CPU
		{24CD66F6-766A-447B-9C13-8F29CD3A0D5F}.Release|Any CPU.ActiveCfg = Release|Any CPU
		{24CD66F6-766A-447B-9C13-8F29CD3A0D5F}.Release|Any CPU.Build.0 = Release|Any CPU
		{2E3D1887-D2CE-48EE-9BBD-E0E38AA18EF2}.Debug|Any CPU.ActiveCfg = Debug|Any CPU
		{2E3D1887-D2CE-48EE-9BBD-E0E38AA18EF2}.Debug|Any CPU.Build.0 = Debug|Any CPU
		{2E3D1887-D2CE-48EE-9BBD-E0E38AA18EF2}.Release|Any CPU.ActiveCfg = Release|Any CPU
		{2E3D1887-D2CE-48EE-9BBD-E0E38AA18EF2}.Release|Any CPU.Build.0 = Release|Any CPU
		{3E3EB50D-E624-440F-88DA-F56B19DEA389}.Debug|Any CPU.ActiveCfg = Debug|Any CPU
		{3E3EB50D-E624-440F-88DA-F56B19DEA389}.Debug|Any CPU.Build.0 = Debug|Any CPU
		{3E3EB50D-E624-440F-88DA-F56B19DEA389}.Release|Any CPU.ActiveCfg = Release|Any CPU
		{3E3EB50D-E624-440F-88DA-F56B19DEA389}.Release|Any CPU.Build.0 = Release|Any CPU
		{EE36EDFE-5BFA-42D7-898D-B67ED9354F1D}.Debug|Any CPU.ActiveCfg = Debug|Any CPU
		{EE36EDFE-5BFA-42D7-898D-B67ED9354F1D}.Debug|Any CPU.Build.0 = Debug|Any CPU
		{EE36EDFE-5BFA-42D7-898D-B67ED9354F1D}.Release|Any CPU.ActiveCfg = Release|Any CPU
		{EE36EDFE-5BFA-42D7-898D-B67ED9354F1D}.Release|Any CPU.Build.0 = Release|Any CPU
	EndGlobalSection
	GlobalSection(SolutionProperties) = preSolution
		HideSolutionNode = FALSE
	EndGlobalSection
	GlobalSection(ExtensibilityGlobals) = postSolution
		SolutionGuid = {8DEA078C-E0EA-4C1A-8C95-2D499BEEF4E7}
	EndGlobalSection
EndGlobal
